
Microsoft Visual Studio Solution File, Format Version 12.00
# Visual Studio Version 16
VisualStudioVersion = 16.0.29709.97
MinimumVisualStudioVersion = 10.0.40219.1
Project("{FAE04EC0-301F-11D3-BF4B-00C04F79EFBC}") = "Colors", "Colors\Colors.csproj", "{FBCD20D5-F749-461C-AE59-AE12BE875806}"
EndProject
Global
	GlobalSection(SolutionConfigurationPlatforms) = preSolution
		Debug|Any CPU = Debug|Any CPU
		Release|Any CPU = Release|Any CPU
	EndGlobalSection
	GlobalSection(ProjectConfigurationPlatforms) = postSolution
		{FBCD20D5-F749-461C-AE59-AE12BE875806}.Debug|Any CPU.ActiveCfg = Debug|Any CPU
		{FBCD20D5-F749-461C-AE59-AE12BE875806}.Debug|Any CPU.Build.0 = Debug|Any CPU
		{FBCD20D5-F749-461C-AE59-AE12BE875806}.Release|Any CPU.ActiveCfg = Release|Any CPU
		{FBCD20D5-F749-461C-AE59-AE12BE875806}.Release|Any CPU.Build.0 = Release|Any CPU
	EndGlobalSection
	GlobalSection(SolutionProperties) = preSolution
		HideSolutionNode = FALSE
	EndGlobalSection
	GlobalSection(ExtensibilityGlobals) = postSolution
		SolutionGuid = {10817B5E-8B76-47A1-85A4-2FDA65E26834}
	EndGlobalSection
EndGlobal
